// !$*UTF8*$!
{
	archiveVersion = 1;
	classes = {
	};
	objectVersion = 56;
	objects = {

/* Begin PBXBuildFile section */
		00CF4618AA904D5D3AEEDAA4 /* Pods_ElizaCocoaPodsApp.framework in Frameworks */ = {isa = PBXBuildFile; fileRef = 97B2C5809ECFFD24F0C87AB2 /* Pods_ElizaCocoaPodsApp.framework */; };
		B216FBF929723F2A003AB294 /* Message.swift in Sources */ = {isa = PBXBuildFile; fileRef = B216FBF129723F2A003AB294 /* Message.swift */; };
		B216FBFA29723F2A003AB294 /* MessagingView.swift in Sources */ = {isa = PBXBuildFile; fileRef = B216FBF229723F2A003AB294 /* MessagingView.swift */; };
		B216FBFB29723F2A003AB294 /* MessagingViewModel.swift in Sources */ = {isa = PBXBuildFile; fileRef = B216FBF329723F2A003AB294 /* MessagingViewModel.swift */; };
		B216FBFC29723F2A003AB294 /* ElizaApp.swift in Sources */ = {isa = PBXBuildFile; fileRef = B216FBF429723F2A003AB294 /* ElizaApp.swift */; };
		B216FBFD29723F2A003AB294 /* MenuView.swift in Sources */ = {isa = PBXBuildFile; fileRef = B216FBF529723F2A003AB294 /* MenuView.swift */; };
		B216FBFE29723F2A003AB294 /* README.md in Resources */ = {isa = PBXBuildFile; fileRef = B216FBF629723F2A003AB294 /* README.md */; };
		B236EEB8295F574F00DDCDA9 /* Assets.xcassets in Resources */ = {isa = PBXBuildFile; fileRef = B236EEB7295F574F00DDCDA9 /* Assets.xcassets */; };
		B23B25BB2AE08974001C64E0 /* eliza.pb.swift in Sources */ = {isa = PBXBuildFile; fileRef = B23B25B92AE08974001C64E0 /* eliza.pb.swift */; };
		B23B25BC2AE08974001C64E0 /* eliza.connect.swift in Sources */ = {isa = PBXBuildFile; fileRef = B23B25BA2AE08974001C64E0 /* eliza.connect.swift */; };
/* End PBXBuildFile section */

/* Begin PBXFileReference section */
		24421109838104D5D0DBD5C7 /* Pods-ElizaCocoaPodsApp.debug.xcconfig */ = {isa = PBXFileReference; includeInIndex = 1; lastKnownFileType = text.xcconfig; name = "Pods-ElizaCocoaPodsApp.debug.xcconfig"; path = "Target Support Files/Pods-ElizaCocoaPodsApp/Pods-ElizaCocoaPodsApp.debug.xcconfig"; sourceTree = "<group>"; };
		2596F885A0CF999DCDAA7364 /* Pods-ElizaCocoaPodsApp.release.xcconfig */ = {isa = PBXFileReference; includeInIndex = 1; lastKnownFileType = text.xcconfig; name = "Pods-ElizaCocoaPodsApp.release.xcconfig"; path = "Target Support Files/Pods-ElizaCocoaPodsApp/Pods-ElizaCocoaPodsApp.release.xcconfig"; sourceTree = "<group>"; };
		97B2C5809ECFFD24F0C87AB2 /* Pods_ElizaCocoaPodsApp.framework */ = {isa = PBXFileReference; explicitFileType = wrapper.framework; includeInIndex = 0; path = Pods_ElizaCocoaPodsApp.framework; sourceTree = BUILT_PRODUCTS_DIR; };
		B216FBF129723F2A003AB294 /* Message.swift */ = {isa = PBXFileReference; fileEncoding = 4; lastKnownFileType = sourcecode.swift; path = Message.swift; sourceTree = "<group>"; };
		B216FBF229723F2A003AB294 /* MessagingView.swift */ = {isa = PBXFileReference; fileEncoding = 4; lastKnownFileType = sourcecode.swift; path = MessagingView.swift; sourceTree = "<group>"; };
		B216FBF329723F2A003AB294 /* MessagingViewModel.swift */ = {isa = PBXFileReference; fileEncoding = 4; lastKnownFileType = sourcecode.swift; path = MessagingViewModel.swift; sourceTree = "<group>"; };
		B216FBF429723F2A003AB294 /* ElizaApp.swift */ = {isa = PBXFileReference; fileEncoding = 4; lastKnownFileType = sourcecode.swift; path = ElizaApp.swift; sourceTree = "<group>"; };
		B216FBF529723F2A003AB294 /* MenuView.swift */ = {isa = PBXFileReference; fileEncoding = 4; lastKnownFileType = sourcecode.swift; path = MenuView.swift; sourceTree = "<group>"; };
		B216FBF629723F2A003AB294 /* README.md */ = {isa = PBXFileReference; fileEncoding = 4; lastKnownFileType = net.daringfireball.markdown; path = README.md; sourceTree = "<group>"; };
		B236EEB0295F574E00DDCDA9 /* ElizaCocoaPodsApp.app */ = {isa = PBXFileReference; explicitFileType = wrapper.application; includeInIndex = 0; path = ElizaCocoaPodsApp.app; sourceTree = BUILT_PRODUCTS_DIR; };
		B236EEB7295F574F00DDCDA9 /* Assets.xcassets */ = {isa = PBXFileReference; lastKnownFileType = folder.assetcatalog; path = Assets.xcassets; sourceTree = "<group>"; };
		B23B25B92AE08974001C64E0 /* eliza.pb.swift */ = {isa = PBXFileReference; fileEncoding = 4; lastKnownFileType = sourcecode.swift; path = eliza.pb.swift; sourceTree = "<group>"; };
		B23B25BA2AE08974001C64E0 /* eliza.connect.swift */ = {isa = PBXFileReference; fileEncoding = 4; lastKnownFileType = sourcecode.swift; path = eliza.connect.swift; sourceTree = "<group>"; };
/* End PBXFileReference section */

/* Begin PBXFrameworksBuildPhase section */
		B236EEAD295F574E00DDCDA9 /* Frameworks */ = {
			isa = PBXFrameworksBuildPhase;
			buildActionMask = 2147483647;
			files = (
				00CF4618AA904D5D3AEEDAA4 /* Pods_ElizaCocoaPodsApp.framework in Frameworks */,
			);
			runOnlyForDeploymentPostprocessing = 0;
		};
/* End PBXFrameworksBuildPhase section */

/* Begin PBXGroup section */
		AD87F7F77BF93E62095653FE /* Frameworks */ = {
			isa = PBXGroup;
			children = (
				97B2C5809ECFFD24F0C87AB2 /* Pods_ElizaCocoaPodsApp.framework */,
			);
			name = Frameworks;
			sourceTree = "<group>";
		};
		B216FBEC29723F2A003AB294 /* ElizaSharedSources */ = {
			isa = PBXGroup;
			children = (
				B216FBF029723F2A003AB294 /* AppSources */,
				B23B25B52AE08974001C64E0 /* GeneratedSources */,
				B216FBF629723F2A003AB294 /* README.md */,
			);
			name = ElizaSharedSources;
			path = ../../ElizaSharedSources;
			sourceTree = "<group>";
		};
		B216FBF029723F2A003AB294 /* AppSources */ = {
			isa = PBXGroup;
			children = (
				B216FBF129723F2A003AB294 /* Message.swift */,
				B216FBF229723F2A003AB294 /* MessagingView.swift */,
				B216FBF329723F2A003AB294 /* MessagingViewModel.swift */,
				B216FBF429723F2A003AB294 /* ElizaApp.swift */,
				B216FBF529723F2A003AB294 /* MenuView.swift */,
			);
			path = AppSources;
			sourceTree = "<group>";
		};
		B236EEA7295F574E00DDCDA9 = {
			isa = PBXGroup;
			children = (
				B236EEB2295F574E00DDCDA9 /* ElizaCocoaPodsApp */,
				B236EEB1295F574E00DDCDA9 /* Products */,
				E9960EDDFFBFBB99D7DBA860 /* Pods */,
				AD87F7F77BF93E62095653FE /* Frameworks */,
			);
			sourceTree = "<group>";
		};
		B236EEB1295F574E00DDCDA9 /* Products */ = {
			isa = PBXGroup;
			children = (
				B236EEB0295F574E00DDCDA9 /* ElizaCocoaPodsApp.app */,
			);
			name = Products;
			sourceTree = "<group>";
		};
		B236EEB2295F574E00DDCDA9 /* ElizaCocoaPodsApp */ = {
			isa = PBXGroup;
			children = (
				B216FBEC29723F2A003AB294 /* ElizaSharedSources */,
				B236EEB7295F574F00DDCDA9 /* Assets.xcassets */,
			);
			path = ElizaCocoaPodsApp;
			sourceTree = "<group>";
		};
		B23B25B52AE08974001C64E0 /* GeneratedSources */ = {
			isa = PBXGroup;
			children = (
				B23B25B62AE08974001C64E0 /* connectrpc */,
			);
			path = GeneratedSources;
			sourceTree = "<group>";
		};
		B23B25B62AE08974001C64E0 /* connectrpc */ = {
			isa = PBXGroup;
			children = (
				B23B25B72AE08974001C64E0 /* eliza */,
			);
			path = connectrpc;
			sourceTree = "<group>";
		};
		B23B25B72AE08974001C64E0 /* eliza */ = {
			isa = PBXGroup;
			children = (
				B23B25B82AE08974001C64E0 /* v1 */,
			);
			path = eliza;
			sourceTree = "<group>";
		};
		B23B25B82AE08974001C64E0 /* v1 */ = {
			isa = PBXGroup;
			children = (
				B23B25B92AE08974001C64E0 /* eliza.pb.swift */,
				B23B25BA2AE08974001C64E0 /* eliza.connect.swift */,
			);
			path = v1;
			sourceTree = "<group>";
		};
		E9960EDDFFBFBB99D7DBA860 /* Pods */ = {
			isa = PBXGroup;
			children = (
				24421109838104D5D0DBD5C7 /* Pods-ElizaCocoaPodsApp.debug.xcconfig */,
				2596F885A0CF999DCDAA7364 /* Pods-ElizaCocoaPodsApp.release.xcconfig */,
			);
			path = Pods;
			sourceTree = "<group>";
		};
/* End PBXGroup section */

/* Begin PBXNativeTarget section */
		B236EEAF295F574E00DDCDA9 /* ElizaCocoaPodsApp */ = {
			isa = PBXNativeTarget;
			buildConfigurationList = B236EEBE295F574F00DDCDA9 /* Build configuration list for PBXNativeTarget "ElizaCocoaPodsApp" */;
			buildPhases = (
				6FEF7C4EF2BF3EDB9B3E5679 /* [CP] Check Pods Manifest.lock */,
				B236EEAC295F574E00DDCDA9 /* Sources */,
				B236EEAD295F574E00DDCDA9 /* Frameworks */,
				B236EEAE295F574E00DDCDA9 /* Resources */,
				BB4B591EBE727C1831233AE4 /* [CP] Embed Pods Frameworks */,
			);
			buildRules = (
			);
			dependencies = (
			);
			name = ElizaCocoaPodsApp;
			productName = ElizaCocoaPodsApp;
			productReference = B236EEB0295F574E00DDCDA9 /* ElizaCocoaPodsApp.app */;
			productType = "com.apple.product-type.application";
		};
/* End PBXNativeTarget section */

/* Begin PBXProject section */
		B236EEA8295F574E00DDCDA9 /* Project object */ = {
			isa = PBXProject;
			attributes = {
				BuildIndependentTargetsInParallel = 1;
				LastSwiftUpdateCheck = 1420;
				LastUpgradeCheck = 1420;
				TargetAttributes = {
					B236EEAF295F574E00DDCDA9 = {
						CreatedOnToolsVersion = 14.2;
					};
				};
			};
			buildConfigurationList = B236EEAB295F574E00DDCDA9 /* Build configuration list for PBXProject "ElizaCocoaPodsApp" */;
			compatibilityVersion = "Xcode 14.0";
			developmentRegion = en;
			hasScannedForEncodings = 0;
			knownRegions = (
				en,
				Base,
			);
			mainGroup = B236EEA7295F574E00DDCDA9;
			productRefGroup = B236EEB1295F574E00DDCDA9 /* Products */;
			projectDirPath = "";
			projectRoot = "";
			targets = (
				B236EEAF295F574E00DDCDA9 /* ElizaCocoaPodsApp */,
			);
		};
/* End PBXProject section */

/* Begin PBXResourcesBuildPhase section */
		B236EEAE295F574E00DDCDA9 /* Resources */ = {
			isa = PBXResourcesBuildPhase;
			buildActionMask = 2147483647;
			files = (
				B216FBFE29723F2A003AB294 /* README.md in Resources */,
				B236EEB8295F574F00DDCDA9 /* Assets.xcassets in Resources */,
			);
			runOnlyForDeploymentPostprocessing = 0;
		};
/* End PBXResourcesBuildPhase section */

/* Begin PBXShellScriptBuildPhase section */
		6FEF7C4EF2BF3EDB9B3E5679 /* [CP] Check Pods Manifest.lock */ = {
			isa = PBXShellScriptBuildPhase;
			buildActionMask = 2147483647;
			files = (
			);
			inputFileListPaths = (
			);
			inputPaths = (
				"${PODS_PODFILE_DIR_PATH}/Podfile.lock",
				"${PODS_ROOT}/Manifest.lock",
			);
			name = "[CP] Check Pods Manifest.lock";
			outputFileListPaths = (
			);
			outputPaths = (
				"$(DERIVED_FILE_DIR)/Pods-ElizaCocoaPodsApp-checkManifestLockResult.txt",
			);
			runOnlyForDeploymentPostprocessing = 0;
			shellPath = /bin/sh;
			shellScript = "diff \"${PODS_PODFILE_DIR_PATH}/Podfile.lock\" \"${PODS_ROOT}/Manifest.lock\" > /dev/null\nif [ $? != 0 ] ; then\n    # print error to STDERR\n    echo \"error: The sandbox is not in sync with the Podfile.lock. Run 'pod install' or update your CocoaPods installation.\" >&2\n    exit 1\nfi\n# This output is used by Xcode 'outputs' to avoid re-running this script phase.\necho \"SUCCESS\" > \"${SCRIPT_OUTPUT_FILE_0}\"\n";
			showEnvVarsInLog = 0;
		};
		BB4B591EBE727C1831233AE4 /* [CP] Embed Pods Frameworks */ = {
			isa = PBXShellScriptBuildPhase;
			buildActionMask = 2147483647;
			files = (
			);
			inputFileListPaths = (
				"${PODS_ROOT}/Target Support Files/Pods-ElizaCocoaPodsApp/Pods-ElizaCocoaPodsApp-frameworks-${CONFIGURATION}-input-files.xcfilelist",
			);
			name = "[CP] Embed Pods Frameworks";
			outputFileListPaths = (
				"${PODS_ROOT}/Target Support Files/Pods-ElizaCocoaPodsApp/Pods-ElizaCocoaPodsApp-frameworks-${CONFIGURATION}-output-files.xcfilelist",
			);
			runOnlyForDeploymentPostprocessing = 0;
			shellPath = /bin/sh;
			shellScript = "\"${PODS_ROOT}/Target Support Files/Pods-ElizaCocoaPodsApp/Pods-ElizaCocoaPodsApp-frameworks.sh\"\n";
			showEnvVarsInLog = 0;
		};
/* End PBXShellScriptBuildPhase section */

/* Begin PBXSourcesBuildPhase section */
		B236EEAC295F574E00DDCDA9 /* Sources */ = {
			isa = PBXSourcesBuildPhase;
			buildActionMask = 2147483647;
			files = (
				B23B25BB2AE08974001C64E0 /* eliza.pb.swift in Sources */,
				B216FBFB29723F2A003AB294 /* MessagingViewModel.swift in Sources */,
				B216FBFA29723F2A003AB294 /* MessagingView.swift in Sources */,
				B216FBFC29723F2A003AB294 /* ElizaApp.swift in Sources */,
				B216FBF929723F2A003AB294 /* Message.swift in Sources */,
				B23B25BC2AE08974001C64E0 /* eliza.connect.swift in Sources */,
				B216FBFD29723F2A003AB294 /* MenuView.swift in Sources */,
			);
			runOnlyForDeploymentPostprocessing = 0;
		};
/* End PBXSourcesBuildPhase section */

/* Begin XCBuildConfiguration section */
		B236EEBC295F574F00DDCDA9 /* Debug */ = {
			isa = XCBuildConfiguration;
			buildSettings = {
				ALWAYS_SEARCH_USER_PATHS = NO;
				CLANG_ANALYZER_NONNULL = YES;
				CLANG_ANALYZER_NUMBER_OBJECT_CONVERSION = YES_AGGRESSIVE;
				CLANG_CXX_LANGUAGE_STANDARD = "gnu++20";
				CLANG_ENABLE_MODULES = YES;
				CLANG_ENABLE_OBJC_ARC = YES;
				CLANG_ENABLE_OBJC_WEAK = YES;
				CLANG_WARN_BLOCK_CAPTURE_AUTORELEASING = YES;
				CLANG_WARN_BOOL_CONVERSION = YES;
				CLANG_WARN_COMMA = YES;
				CLANG_WARN_CONSTANT_CONVERSION = YES;
				CLANG_WARN_DEPRECATED_OBJC_IMPLEMENTATIONS = YES;
				CLANG_WARN_DIRECT_OBJC_ISA_USAGE = YES_ERROR;
				CLANG_WARN_DOCUMENTATION_COMMENTS = YES;
				CLANG_WARN_EMPTY_BODY = YES;
				CLANG_WARN_ENUM_CONVERSION = YES;
				CLANG_WARN_INFINITE_RECURSION = YES;
				CLANG_WARN_INT_CONVERSION = YES;
				CLANG_WARN_NON_LITERAL_NULL_CONVERSION = YES;
				CLANG_WARN_OBJC_IMPLICIT_RETAIN_SELF = YES;
				CLANG_WARN_OBJC_LITERAL_CONVERSION = YES;
				CLANG_WARN_OBJC_ROOT_CLASS = YES_ERROR;
				CLANG_WARN_QUOTED_INCLUDE_IN_FRAMEWORK_HEADER = YES;
				CLANG_WARN_RANGE_LOOP_ANALYSIS = YES;
				CLANG_WARN_STRICT_PROTOTYPES = YES;
				CLANG_WARN_SUSPICIOUS_MOVE = YES;
				CLANG_WARN_UNGUARDED_AVAILABILITY = YES_AGGRESSIVE;
				CLANG_WARN_UNREACHABLE_CODE = YES;
				CLANG_WARN__DUPLICATE_METHOD_MATCH = YES;
				COPY_PHASE_STRIP = NO;
				DEBUG_INFORMATION_FORMAT = dwarf;
				ENABLE_STRICT_OBJC_MSGSEND = YES;
				ENABLE_TESTABILITY = YES;
				GCC_C_LANGUAGE_STANDARD = gnu11;
				GCC_DYNAMIC_NO_PIC = NO;
				GCC_NO_COMMON_BLOCKS = YES;
				GCC_OPTIMIZATION_LEVEL = 0;
				GCC_PREPROCESSOR_DEFINITIONS = (
					"DEBUG=1",
					"$(inherited)",
				);
				GCC_WARN_64_TO_32_BIT_CONVERSION = YES;
				GCC_WARN_ABOUT_RETURN_TYPE = YES_ERROR;
				GCC_WARN_UNDECLARED_SELECTOR = YES;
				GCC_WARN_UNINITIALIZED_AUTOS = YES_AGGRESSIVE;
				GCC_WARN_UNUSED_FUNCTION = YES;
				GCC_WARN_UNUSED_VARIABLE = YES;
				IPHONEOS_DEPLOYMENT_TARGET = 15.0;
				MTL_ENABLE_DEBUG_INFO = INCLUDE_SOURCE;
				MTL_FAST_MATH = YES;
				ONLY_ACTIVE_ARCH = YES;
				SDKROOT = iphoneos;
				SWIFT_ACTIVE_COMPILATION_CONDITIONS = DEBUG;
				SWIFT_OPTIMIZATION_LEVEL = "-Onone";
			};
			name = Debug;
		};
		B236EEBD295F574F00DDCDA9 /* Release */ = {
			isa = XCBuildConfiguration;
			buildSettings = {
				ALWAYS_SEARCH_USER_PATHS = NO;
				CLANG_ANALYZER_NONNULL = YES;
				CLANG_ANALYZER_NUMBER_OBJECT_CONVERSION = YES_AGGRESSIVE;
				CLANG_CXX_LANGUAGE_STANDARD = "gnu++20";
				CLANG_ENABLE_MODULES = YES;
				CLANG_ENABLE_OBJC_ARC = YES;
				CLANG_ENABLE_OBJC_WEAK = YES;
				CLANG_WARN_BLOCK_CAPTURE_AUTORELEASING = YES;
				CLANG_WARN_BOOL_CONVERSION = YES;
				CLANG_WARN_COMMA = YES;
				CLANG_WARN_CONSTANT_CONVERSION = YES;
				CLANG_WARN_DEPRECATED_OBJC_IMPLEMENTATIONS = YES;
				CLANG_WARN_DIRECT_OBJC_ISA_USAGE = YES_ERROR;
				CLANG_WARN_DOCUMENTATION_COMMENTS = YES;
				CLANG_WARN_EMPTY_BODY = YES;
				CLANG_WARN_ENUM_CONVERSION = YES;
				CLANG_WARN_INFINITE_RECURSION = YES;
				CLANG_WARN_INT_CONVERSION = YES;
				CLANG_WARN_NON_LITERAL_NULL_CONVERSION = YES;
				CLANG_WARN_OBJC_IMPLICIT_RETAIN_SELF = YES;
				CLANG_WARN_OBJC_LITERAL_CONVERSION = YES;
				CLANG_WARN_OBJC_ROOT_CLASS = YES_ERROR;
				CLANG_WARN_QUOTED_INCLUDE_IN_FRAMEWORK_HEADER = YES;
				CLANG_WARN_RANGE_LOOP_ANALYSIS = YES;
				CLANG_WARN_STRICT_PROTOTYPES = YES;
				CLANG_WARN_SUSPICIOUS_MOVE = YES;
				CLANG_WARN_UNGUARDED_AVAILABILITY = YES_AGGRESSIVE;
				CLANG_WARN_UNREACHABLE_CODE = YES;
				CLANG_WARN__DUPLICATE_METHOD_MATCH = YES;
				COPY_PHASE_STRIP = NO;
				DEBUG_INFORMATION_FORMAT = "dwarf-with-dsym";
				ENABLE_NS_ASSERTIONS = NO;
				ENABLE_STRICT_OBJC_MSGSEND = YES;
				GCC_C_LANGUAGE_STANDARD = gnu11;
				GCC_NO_COMMON_BLOCKS = YES;
				GCC_WARN_64_TO_32_BIT_CONVERSION = YES;
				GCC_WARN_ABOUT_RETURN_TYPE = YES_ERROR;
				GCC_WARN_UNDECLARED_SELECTOR = YES;
				GCC_WARN_UNINITIALIZED_AUTOS = YES_AGGRESSIVE;
				GCC_WARN_UNUSED_FUNCTION = YES;
				GCC_WARN_UNUSED_VARIABLE = YES;
				IPHONEOS_DEPLOYMENT_TARGET = 15.0;
				MTL_ENABLE_DEBUG_INFO = NO;
				MTL_FAST_MATH = YES;
				SDKROOT = iphoneos;
				SWIFT_COMPILATION_MODE = wholemodule;
				SWIFT_OPTIMIZATION_LEVEL = "-O";
				VALIDATE_PRODUCT = YES;
			};
			name = Release;
		};
		B236EEBF295F574F00DDCDA9 /* Debug */ = {
			isa = XCBuildConfiguration;
			baseConfigurationReference = 24421109838104D5D0DBD5C7 /* Pods-ElizaCocoaPodsApp.debug.xcconfig */;
			buildSettings = {
				ASSETCATALOG_COMPILER_APPICON_NAME = AppIcon;
				ASSETCATALOG_COMPILER_GLOBAL_ACCENT_COLOR_NAME = AccentColor;
				CODE_SIGN_STYLE = Automatic;
				CURRENT_PROJECT_VERSION = 1;
				DEVELOPMENT_ASSET_PATHS = "";
				ENABLE_PREVIEWS = YES;
				GENERATE_INFOPLIST_FILE = YES;
				INFOPLIST_KEY_CFBundleDisplayName = Eliza;
				INFOPLIST_KEY_UIApplicationSceneManifest_Generation = YES;
				INFOPLIST_KEY_UIApplicationSupportsIndirectInputEvents = YES;
				INFOPLIST_KEY_UILaunchScreen_Generation = YES;
				INFOPLIST_KEY_UISupportedInterfaceOrientations = UIInterfaceOrientationPortrait;
				INFOPLIST_KEY_UISupportedInterfaceOrientations_iPad = "UIInterfaceOrientationLandscapeLeft UIInterfaceOrientationLandscapeRight UIInterfaceOrientationPortrait UIInterfaceOrientationPortraitUpsideDown";
				IPHONEOS_DEPLOYMENT_TARGET = 15.0;
				LD_RUNPATH_SEARCH_PATHS = (
					"$(inherited)",
					"@executable_path/Frameworks",
				);
				MARKETING_VERSION = 1.0;
				PRODUCT_BUNDLE_IDENTIFIER = com.connectrpc.ElizaCocoaPodsApp;
				PRODUCT_NAME = "$(TARGET_NAME)";
				SUPPORTED_PLATFORMS = "iphoneos iphonesimulator";
				SUPPORTS_MACCATALYST = NO;
				SUPPORTS_MAC_DESIGNED_FOR_IPHONE_IPAD = NO;
				SWIFT_EMIT_LOC_STRINGS = YES;
				SWIFT_VERSION = 5.0;
				TARGETED_DEVICE_FAMILY = 1;
			};
			name = Debug;
		};
		B236EEC0295F574F00DDCDA9 /* Release */ = {
			isa = XCBuildConfiguration;
			baseConfigurationReference = 2596F885A0CF999DCDAA7364 /* Pods-ElizaCocoaPodsApp.release.xcconfig */;
			buildSettings = {
				ASSETCATALOG_COMPILER_APPICON_NAME = AppIcon;
				ASSETCATALOG_COMPILER_GLOBAL_ACCENT_COLOR_NAME = AccentColor;
				CODE_SIGN_STYLE = Automatic;
				CURRENT_PROJECT_VERSION = 1;
				DEVELOPMENT_ASSET_PATHS = "";
				ENABLE_PREVIEWS = YES;
				GENERATE_INFOPLIST_FILE = YES;
				INFOPLIST_KEY_CFBundleDisplayName = Eliza;
				INFOPLIST_KEY_UIApplicationSceneManifest_Generation = YES;
				INFOPLIST_KEY_UIApplicationSupportsIndirectInputEvents = YES;
				INFOPLIST_KEY_UILaunchScreen_Generation = YES;
				INFOPLIST_KEY_UISupportedInterfaceOrientations = UIInterfaceOrientationPortrait;
				INFOPLIST_KEY_UISupportedInterfaceOrientations_iPad = "UIInterfaceOrientationLandscapeLeft UIInterfaceOrientationLandscapeRight UIInterfaceOrientationPortrait UIInterfaceOrientationPortraitUpsideDown";
				IPHONEOS_DEPLOYMENT_TARGET = 15.0;
				LD_RUNPATH_SEARCH_PATHS = (
					"$(inherited)",
					"@executable_path/Frameworks",
				);
				MARKETING_VERSION = 1.0;
				PRODUCT_BUNDLE_IDENTIFIER = com.connectrpc.ElizaCocoaPodsApp;
				PRODUCT_NAME = "$(TARGET_NAME)";
				SUPPORTED_PLATFORMS = "iphoneos iphonesimulator";
				SUPPORTS_MACCATALYST = NO;
				SUPPORTS_MAC_DESIGNED_FOR_IPHONE_IPAD = NO;
				SWIFT_EMIT_LOC_STRINGS = YES;
				SWIFT_VERSION = 5.0;
				TARGETED_DEVICE_FAMILY = 1;
			};
			name = Release;
		};
/* End XCBuildConfiguration section */

/* Begin XCConfigurationList section */
		B236EEAB295F574E00DDCDA9 /* Build configuration list for PBXProject "ElizaCocoaPodsApp" */ = {
			isa = XCConfigurationList;
			buildConfigurations = (
				B236EEBC295F574F00DDCDA9 /* Debug */,
				B236EEBD295F574F00DDCDA9 /* Release */,
			);
			defaultConfigurationIsVisible = 0;
			defaultConfigurationName = Release;
		};
		B236EEBE295F574F00DDCDA9 /* Build configuration list for PBXNativeTarget "ElizaCocoaPodsApp" */ = {
			isa = XCConfigurationList;
			buildConfigurations = (
				B236EEBF295F574F00DDCDA9 /* Debug */,
				B236EEC0295F574F00DDCDA9 /* Release */,
			);
			defaultConfigurationIsVisible = 0;
			defaultConfigurationName = Release;
		};
/* End XCConfigurationList section */
	};
	rootObject = B236EEA8295F574E00DDCDA9 /* Project object */;
}
