// !$*UTF8*$!
{
	archiveVersion = 1;
	classes = {
	};
	objectVersion = 56;
	objects = {

/* Begin PBXBuildFile section */
		B204C6402947E98B00239D66 /* Assets.xcassets in Resources */ = {isa = PBXBuildFile; fileRef = B204C63F2947E98B00239D66 /* Assets.xcassets */; };
		B204C6432947E98B00239D66 /* Preview Assets.xcassets in Resources */ = {isa = PBXBuildFile; fileRef = B204C6422947E98B00239D66 /* Preview Assets.xcassets */; };
		B204C64A2947E9D100239D66 /* ElizaApp.swift in Sources */ = {isa = PBXBuildFile; fileRef = B204C6492947E9D100239D66 /* ElizaApp.swift */; };
		B204C65C2947EAC700239D66 /* MessagingViewModel.swift in Sources */ = {isa = PBXBuildFile; fileRef = B204C6582947EAC700239D66 /* MessagingViewModel.swift */; };
		B204C65D2947EAC700239D66 /* MenuView.swift in Sources */ = {isa = PBXBuildFile; fileRef = B204C6592947EAC700239D66 /* MenuView.swift */; };
		B204C65E2947EAC700239D66 /* Message.swift in Sources */ = {isa = PBXBuildFile; fileRef = B204C65A2947EAC700239D66 /* Message.swift */; };
		B204C65F2947EAC700239D66 /* MessagingView.swift in Sources */ = {isa = PBXBuildFile; fileRef = B204C65B2947EAC700239D66 /* MessagingView.swift */; };
		B204C6622947EB7300239D66 /* Connect in Frameworks */ = {isa = PBXBuildFile; productRef = B204C6612947EB7300239D66 /* Connect */; };
		B204C6642947EB7300239D66 /* GeneratedExamples in Frameworks */ = {isa = PBXBuildFile; productRef = B204C6632947EB7300239D66 /* GeneratedExamples */; };
/* End PBXBuildFile section */

/* Begin PBXFileReference section */
		B204C6382947E98A00239D66 /* Eliza.app */ = {isa = PBXFileReference; explicitFileType = wrapper.application; includeInIndex = 0; path = Eliza.app; sourceTree = BUILT_PRODUCTS_DIR; };
		B204C63F2947E98B00239D66 /* Assets.xcassets */ = {isa = PBXFileReference; lastKnownFileType = folder.assetcatalog; path = Assets.xcassets; sourceTree = "<group>"; };
		B204C6422947E98B00239D66 /* Preview Assets.xcassets */ = {isa = PBXFileReference; lastKnownFileType = folder.assetcatalog; path = "Preview Assets.xcassets"; sourceTree = "<group>"; };
		B204C6492947E9D100239D66 /* ElizaApp.swift */ = {isa = PBXFileReference; fileEncoding = 4; lastKnownFileType = sourcecode.swift; path = ElizaApp.swift; sourceTree = "<group>"; };
		B204C6582947EAC700239D66 /* MessagingViewModel.swift */ = {isa = PBXFileReference; fileEncoding = 4; lastKnownFileType = sourcecode.swift; path = MessagingViewModel.swift; sourceTree = "<group>"; };
		B204C6592947EAC700239D66 /* MenuView.swift */ = {isa = PBXFileReference; fileEncoding = 4; lastKnownFileType = sourcecode.swift; path = MenuView.swift; sourceTree = "<group>"; };
		B204C65A2947EAC700239D66 /* Message.swift */ = {isa = PBXFileReference; fileEncoding = 4; lastKnownFileType = sourcecode.swift; path = Message.swift; sourceTree = "<group>"; };
		B204C65B2947EAC700239D66 /* MessagingView.swift */ = {isa = PBXFileReference; fileEncoding = 4; lastKnownFileType = sourcecode.swift; path = MessagingView.swift; sourceTree = "<group>"; };
		B2D532F22948FF4D00DA95C7 /* connect-swift */ = {isa = PBXFileReference; lastKnownFileType = wrapper; name = "connect-swift"; path = ../..; sourceTree = "<group>"; };
/* End PBXFileReference section */

/* Begin PBXFrameworksBuildPhase section */
		B204C6352947E98A00239D66 /* Frameworks */ = {
			isa = PBXFrameworksBuildPhase;
			buildActionMask = 2147483647;
			files = (
				B204C6642947EB7300239D66 /* GeneratedExamples in Frameworks */,
				B204C6622947EB7300239D66 /* Connect in Frameworks */,
			);
			runOnlyForDeploymentPostprocessing = 0;
		};
/* End PBXFrameworksBuildPhase section */

/* Begin PBXGroup section */
		B204C62F2947E98A00239D66 = {
			isa = PBXGroup;
			children = (
				B2D532F12948FF4D00DA95C7 /* Packages */,
				B204C63A2947E98A00239D66 /* Eliza */,
				B204C6392947E98A00239D66 /* Products */,
				B204C6552947EA5200239D66 /* Frameworks */,
			);
			sourceTree = "<group>";
		};
		B204C6392947E98A00239D66 /* Products */ = {
			isa = PBXGroup;
			children = (
				B204C6382947E98A00239D66 /* Eliza.app */,
			);
			name = Products;
			sourceTree = "<group>";
		};
		B204C63A2947E98A00239D66 /* Eliza */ = {
			isa = PBXGroup;
			children = (
				B204C6492947E9D100239D66 /* ElizaApp.swift */,
				B204C6592947EAC700239D66 /* MenuView.swift */,
				B204C65A2947EAC700239D66 /* Message.swift */,
				B204C65B2947EAC700239D66 /* MessagingView.swift */,
				B204C6582947EAC700239D66 /* MessagingViewModel.swift */,
				B204C63F2947E98B00239D66 /* Assets.xcassets */,
				B204C6412947E98B00239D66 /* Preview Content */,
			);
			path = Eliza;
			sourceTree = "<group>";
		};
		B204C6412947E98B00239D66 /* Preview Content */ = {
			isa = PBXGroup;
			children = (
				B204C6422947E98B00239D66 /* Preview Assets.xcassets */,
			);
			path = "Preview Content";
			sourceTree = "<group>";
		};
		B204C6552947EA5200239D66 /* Frameworks */ = {
			isa = PBXGroup;
			children = (
			);
			name = Frameworks;
			sourceTree = "<group>";
		};
		B2D532F12948FF4D00DA95C7 /* Packages */ = {
			isa = PBXGroup;
			children = (
				B2D532F22948FF4D00DA95C7 /* connect-swift */,
			);
			name = Packages;
			sourceTree = "<group>";
		};
/* End PBXGroup section */

/* Begin PBXNativeTarget section */
		B204C6372947E98A00239D66 /* Eliza */ = {
			isa = PBXNativeTarget;
			buildConfigurationList = B204C6462947E98B00239D66 /* Build configuration list for PBXNativeTarget "Eliza" */;
			buildPhases = (
				B204C6342947E98A00239D66 /* Sources */,
				B204C6352947E98A00239D66 /* Frameworks */,
				B204C6362947E98A00239D66 /* Resources */,
			);
			buildRules = (
			);
			dependencies = (
			);
			name = Eliza;
			packageProductDependencies = (
				B204C6612947EB7300239D66 /* Connect */,
				B204C6632947EB7300239D66 /* GeneratedExamples */,
			);
			productName = Eliza;
			productReference = B204C6382947E98A00239D66 /* Eliza.app */;
			productType = "com.apple.product-type.application";
		};
/* End PBXNativeTarget section */

/* Begin PBXProject section */
		B204C6302947E98A00239D66 /* Project object */ = {
			isa = PBXProject;
			attributes = {
				BuildIndependentTargetsInParallel = 1;
				LastSwiftUpdateCheck = 1410;
				LastUpgradeCheck = 1410;
				TargetAttributes = {
					B204C6372947E98A00239D66 = {
						CreatedOnToolsVersion = 14.1;
						LastSwiftMigration = 1410;
					};
				};
			};
			buildConfigurationList = B204C6332947E98A00239D66 /* Build configuration list for PBXProject "Eliza" */;
			compatibilityVersion = "Xcode 14.0";
			developmentRegion = en;
			hasScannedForEncodings = 0;
			knownRegions = (
				en,
				Base,
			);
			mainGroup = B204C62F2947E98A00239D66;
			productRefGroup = B204C6392947E98A00239D66 /* Products */;
			projectDirPath = "";
			projectRoot = "";
			targets = (
				B204C6372947E98A00239D66 /* Eliza */,
			);
		};
/* End PBXProject section */

/* Begin PBXResourcesBuildPhase section */
		B204C6362947E98A00239D66 /* Resources */ = {
			isa = PBXResourcesBuildPhase;
			buildActionMask = 2147483647;
			files = (
				B204C6432947E98B00239D66 /* Preview Assets.xcassets in Resources */,
				B204C6402947E98B00239D66 /* Assets.xcassets in Resources */,
			);
			runOnlyForDeploymentPostprocessing = 0;
		};
/* End PBXResourcesBuildPhase section */

/* Begin PBXSourcesBuildPhase section */
		B204C6342947E98A00239D66 /* Sources */ = {
			isa = PBXSourcesBuildPhase;
			buildActionMask = 2147483647;
			files = (
				B204C64A2947E9D100239D66 /* ElizaApp.swift in Sources */,
				B204C65F2947EAC700239D66 /* MessagingView.swift in Sources */,
				B204C65E2947EAC700239D66 /* Message.swift in Sources */,
				B204C65D2947EAC700239D66 /* MenuView.swift in Sources */,
				B204C65C2947EAC700239D66 /* MessagingViewModel.swift in Sources */,
			);
			runOnlyForDeploymentPostprocessing = 0;
		};
/* End PBXSourcesBuildPhase section */

/* Begin XCBuildConfiguration section */
		B204C6442947E98B00239D66 /* Debug */ = {
			isa = XCBuildConfiguration;
			buildSettings = {
				ALWAYS_SEARCH_USER_PATHS = NO;
				CLANG_ANALYZER_NONNULL = YES;
				CLANG_ANALYZER_NUMBER_OBJECT_CONVERSION = YES_AGGRESSIVE;
				CLANG_CXX_LANGUAGE_STANDARD = "gnu++20";
				CLANG_ENABLE_MODULES = YES;
				CLANG_ENABLE_OBJC_ARC = YES;
				CLANG_ENABLE_OBJC_WEAK = YES;
				CLANG_WARN_BLOCK_CAPTURE_AUTORELEASING = YES;
				CLANG_WARN_BOOL_CONVERSION = YES;
				CLANG_WARN_COMMA = YES;
				CLANG_WARN_CONSTANT_CONVERSION = YES;
				CLANG_WARN_DEPRECATED_OBJC_IMPLEMENTATIONS = YES;
				CLANG_WARN_DIRECT_OBJC_ISA_USAGE = YES_ERROR;
				CLANG_WARN_DOCUMENTATION_COMMENTS = YES;
				CLANG_WARN_EMPTY_BODY = YES;
				CLANG_WARN_ENUM_CONVERSION = YES;
				CLANG_WARN_INFINITE_RECURSION = YES;
				CLANG_WARN_INT_CONVERSION = YES;
				CLANG_WARN_NON_LITERAL_NULL_CONVERSION = YES;
				CLANG_WARN_OBJC_IMPLICIT_RETAIN_SELF = YES;
				CLANG_WARN_OBJC_LITERAL_CONVERSION = YES;
				CLANG_WARN_OBJC_ROOT_CLASS = YES_ERROR;
				CLANG_WARN_QUOTED_INCLUDE_IN_FRAMEWORK_HEADER = YES;
				CLANG_WARN_RANGE_LOOP_ANALYSIS = YES;
				CLANG_WARN_STRICT_PROTOTYPES = YES;
				CLANG_WARN_SUSPICIOUS_MOVE = YES;
				CLANG_WARN_UNGUARDED_AVAILABILITY = YES_AGGRESSIVE;
				CLANG_WARN_UNREACHABLE_CODE = YES;
				CLANG_WARN__DUPLICATE_METHOD_MATCH = YES;
				COPY_PHASE_STRIP = NO;
				DEBUG_INFORMATION_FORMAT = dwarf;
				ENABLE_STRICT_OBJC_MSGSEND = YES;
				ENABLE_TESTABILITY = YES;
				GCC_C_LANGUAGE_STANDARD = gnu11;
				GCC_DYNAMIC_NO_PIC = NO;
				GCC_NO_COMMON_BLOCKS = YES;
				GCC_OPTIMIZATION_LEVEL = 0;
				GCC_PREPROCESSOR_DEFINITIONS = (
					"DEBUG=1",
					"$(inherited)",
				);
				GCC_WARN_64_TO_32_BIT_CONVERSION = YES;
				GCC_WARN_ABOUT_RETURN_TYPE = YES_ERROR;
				GCC_WARN_UNDECLARED_SELECTOR = YES;
				GCC_WARN_UNINITIALIZED_AUTOS = YES_AGGRESSIVE;
				GCC_WARN_UNUSED_FUNCTION = YES;
				GCC_WARN_UNUSED_VARIABLE = YES;
				IPHONEOS_DEPLOYMENT_TARGET = 15.0;
				MTL_ENABLE_DEBUG_INFO = INCLUDE_SOURCE;
				MTL_FAST_MATH = YES;
				ONLY_ACTIVE_ARCH = YES;
				SDKROOT = iphoneos;
				SWIFT_ACTIVE_COMPILATION_CONDITIONS = DEBUG;
				SWIFT_OPTIMIZATION_LEVEL = "-Onone";
			};
			name = Debug;
		};
		B204C6452947E98B00239D66 /* Release */ = {
			isa = XCBuildConfiguration;
			buildSettings = {
				ALWAYS_SEARCH_USER_PATHS = NO;
				CLANG_ANALYZER_NONNULL = YES;
				CLANG_ANALYZER_NUMBER_OBJECT_CONVERSION = YES_AGGRESSIVE;
				CLANG_CXX_LANGUAGE_STANDARD = "gnu++20";
				CLANG_ENABLE_MODULES = YES;
				CLANG_ENABLE_OBJC_ARC = YES;
				CLANG_ENABLE_OBJC_WEAK = YES;
				CLANG_WARN_BLOCK_CAPTURE_AUTORELEASING = YES;
				CLANG_WARN_BOOL_CONVERSION = YES;
				CLANG_WARN_COMMA = YES;
				CLANG_WARN_CONSTANT_CONVERSION = YES;
				CLANG_WARN_DEPRECATED_OBJC_IMPLEMENTATIONS = YES;
				CLANG_WARN_DIRECT_OBJC_ISA_USAGE = YES_ERROR;
				CLANG_WARN_DOCUMENTATION_COMMENTS = YES;
				CLANG_WARN_EMPTY_BODY = YES;
				CLANG_WARN_ENUM_CONVERSION = YES;
				CLANG_WARN_INFINITE_RECURSION = YES;
				CLANG_WARN_INT_CONVERSION = YES;
				CLANG_WARN_NON_LITERAL_NULL_CONVERSION = YES;
				CLANG_WARN_OBJC_IMPLICIT_RETAIN_SELF = YES;
				CLANG_WARN_OBJC_LITERAL_CONVERSION = YES;
				CLANG_WARN_OBJC_ROOT_CLASS = YES_ERROR;
				CLANG_WARN_QUOTED_INCLUDE_IN_FRAMEWORK_HEADER = YES;
				CLANG_WARN_RANGE_LOOP_ANALYSIS = YES;
				CLANG_WARN_STRICT_PROTOTYPES = YES;
				CLANG_WARN_SUSPICIOUS_MOVE = YES;
				CLANG_WARN_UNGUARDED_AVAILABILITY = YES_AGGRESSIVE;
				CLANG_WARN_UNREACHABLE_CODE = YES;
				CLANG_WARN__DUPLICATE_METHOD_MATCH = YES;
				COPY_PHASE_STRIP = NO;
				DEBUG_INFORMATION_FORMAT = "dwarf-with-dsym";
				ENABLE_NS_ASSERTIONS = NO;
				ENABLE_STRICT_OBJC_MSGSEND = YES;
				GCC_C_LANGUAGE_STANDARD = gnu11;
				GCC_NO_COMMON_BLOCKS = YES;
				GCC_WARN_64_TO_32_BIT_CONVERSION = YES;
				GCC_WARN_ABOUT_RETURN_TYPE = YES_ERROR;
				GCC_WARN_UNDECLARED_SELECTOR = YES;
				GCC_WARN_UNINITIALIZED_AUTOS = YES_AGGRESSIVE;
				GCC_WARN_UNUSED_FUNCTION = YES;
				GCC_WARN_UNUSED_VARIABLE = YES;
				IPHONEOS_DEPLOYMENT_TARGET = 15.0;
				MTL_ENABLE_DEBUG_INFO = NO;
				MTL_FAST_MATH = YES;
				SDKROOT = iphoneos;
				SWIFT_COMPILATION_MODE = wholemodule;
				SWIFT_OPTIMIZATION_LEVEL = "-O";
				VALIDATE_PRODUCT = YES;
			};
			name = Release;
		};
		B204C6472947E98B00239D66 /* Debug */ = {
			isa = XCBuildConfiguration;
			buildSettings = {
				ASSETCATALOG_COMPILER_APPICON_NAME = AppIcon;
				ASSETCATALOG_COMPILER_GLOBAL_ACCENT_COLOR_NAME = AccentColor;
				CLANG_ENABLE_MODULES = YES;
				CODE_SIGN_STYLE = Manual;
				CURRENT_PROJECT_VERSION = 1;
				DEVELOPMENT_ASSET_PATHS = "\"Eliza/Preview Content\"";
				DEVELOPMENT_TEAM = "";
				ENABLE_PREVIEWS = YES;
				GENERATE_INFOPLIST_FILE = YES;
				INFOPLIST_KEY_CFBundleDisplayName = Eliza;
				INFOPLIST_KEY_UIApplicationSceneManifest_Generation = YES;
				INFOPLIST_KEY_UIApplicationSupportsIndirectInputEvents = YES;
				INFOPLIST_KEY_UILaunchScreen_Generation = YES;
				INFOPLIST_KEY_UISupportedInterfaceOrientations = UIInterfaceOrientationPortrait;
				IPHONEOS_DEPLOYMENT_TARGET = 15.0;
				LD_RUNPATH_SEARCH_PATHS = (
					"$(inherited)",
					"@executable_path/Frameworks",
				);
				MARKETING_VERSION = 1.0;
				PRODUCT_BUNDLE_IDENTIFIER = "build.buf.eliza-example.Eliza";
				PRODUCT_NAME = "$(TARGET_NAME)";
				PROVISIONING_PROFILE_SPECIFIER = "";
				SUPPORTED_PLATFORMS = "iphoneos iphonesimulator";
				SUPPORTS_MACCATALYST = NO;
				SUPPORTS_MAC_DESIGNED_FOR_IPHONE_IPAD = NO;
				SWIFT_EMIT_LOC_STRINGS = YES;
				SWIFT_OPTIMIZATION_LEVEL = "-Onone";
				SWIFT_VERSION = 5.0;
				TARGETED_DEVICE_FAMILY = 1;
			};
			name = Debug;
		};
		B204C6482947E98B00239D66 /* Release */ = {
			isa = XCBuildConfiguration;
			buildSettings = {
				ASSETCATALOG_COMPILER_APPICON_NAME = AppIcon;
				ASSETCATALOG_COMPILER_GLOBAL_ACCENT_COLOR_NAME = AccentColor;
				CLANG_ENABLE_MODULES = YES;
				CODE_SIGN_STYLE = Manual;
				CURRENT_PROJECT_VERSION = 1;
				DEVELOPMENT_ASSET_PATHS = "\"Eliza/Preview Content\"";
				DEVELOPMENT_TEAM = "";
				ENABLE_PREVIEWS = YES;
				GENERATE_INFOPLIST_FILE = YES;
				INFOPLIST_KEY_CFBundleDisplayName = Eliza;
				INFOPLIST_KEY_UIApplicationSceneManifest_Generation = YES;
				INFOPLIST_KEY_UIApplicationSupportsIndirectInputEvents = YES;
				INFOPLIST_KEY_UILaunchScreen_Generation = YES;
				INFOPLIST_KEY_UISupportedInterfaceOrientations = UIInterfaceOrientationPortrait;
				IPHONEOS_DEPLOYMENT_TARGET = 15.0;
				LD_RUNPATH_SEARCH_PATHS = (
					"$(inherited)",
					"@executable_path/Frameworks",
				);
				MARKETING_VERSION = 1.0;
				PRODUCT_BUNDLE_IDENTIFIER = "build.buf.eliza-example.Eliza";
				PRODUCT_NAME = "$(TARGET_NAME)";
				PROVISIONING_PROFILE_SPECIFIER = "";
				SUPPORTED_PLATFORMS = "iphoneos iphonesimulator";
				SUPPORTS_MACCATALYST = NO;
				SUPPORTS_MAC_DESIGNED_FOR_IPHONE_IPAD = NO;
				SWIFT_EMIT_LOC_STRINGS = YES;
				SWIFT_VERSION = 5.0;
				TARGETED_DEVICE_FAMILY = 1;
			};
			name = Release;
		};
/* End XCBuildConfiguration section */

/* Begin XCConfigurationList section */
		B204C6332947E98A00239D66 /* Build configuration list for PBXProject "Eliza" */ = {
			isa = XCConfigurationList;
			buildConfigurations = (
				B204C6442947E98B00239D66 /* Debug */,
				B204C6452947E98B00239D66 /* Release */,
			);
			defaultConfigurationIsVisible = 0;
			defaultConfigurationName = Release;
		};
		B204C6462947E98B00239D66 /* Build configuration list for PBXNativeTarget "Eliza" */ = {
			isa = XCConfigurationList;
			buildConfigurations = (
				B204C6472947E98B00239D66 /* Debug */,
				B204C6482947E98B00239D66 /* Release */,
			);
			defaultConfigurationIsVisible = 0;
			defaultConfigurationName = Release;
		};
/* End XCConfigurationList section */

/* Begin XCSwiftPackageProductDependency section */
		B204C6612947EB7300239D66 /* Connect */ = {
			isa = XCSwiftPackageProductDependency;
			productName = Connect;
		};
		B204C6632947EB7300239D66 /* GeneratedExamples */ = {
			isa = XCSwiftPackageProductDependency;
			productName = GeneratedExamples;
		};
/* End XCSwiftPackageProductDependency section */
	};
	rootObject = B204C6302947E98A00239D66 /* Project object */;
}
