PODS:
  - Connect-Swift (1.0.0-rc2):
    - SwiftProtobuf (~> 1.28.1)
  - SwiftProtobuf (1.28.1)

DEPENDENCIES:
  - Connect-Swift (from `../..`)

SPEC REPOS:
  trunk:
    - SwiftProtobuf

EXTERNAL SOURCES:
  Connect-Swift:
    :path: "../.."

SPEC CHECKSUMS:
  Connect-Swift: 4594b04f8b9f767bae421666eff2aa1cc3a55aa6
  SwiftProtobuf: cc47329e2a10c235e35ba4faed831742ae5135ce

PODFILE CHECKSUM: b598f373a6ab5add976b09c2ac79029bf2200d48

COCOAPODS: 1.15.2
