PODS:
  - Connect-Swift (0.11.0):
    - SwiftProtobuf (~> 1.25.2)
  - SwiftProtobuf (1.25.2)

DEPENDENCIES:
  - Connect-Swift (from `../..`)

SPEC REPOS:
  trunk:
    - SwiftProtobuf

EXTERNAL SOURCES:
  Connect-Swift:
    :path: "../.."

SPEC CHECKSUMS:
  Connect-Swift: 8f57c07346aff282a9048e43ecd331c7eedc8ff4
  SwiftProtobuf: 407a385e97fd206c4fbe880cc84123989167e0d1

PODFILE CHECKSUM: b598f373a6ab5add976b09c2ac79029bf2200d48

COCOAPODS: 1.13.0
